
Microsoft Visual Studio Solution File, Format Version 12.00
# Visual Studio Version 17
VisualStudioVersion = 17.11.35327.3
MinimumVisualStudioVersion = 10.0.40219.1
Project("{FAE04EC0-301F-11D3-BF4B-00C04F79EFBC}") = "ContractServiceSanityCheck", "ContractServiceSanityCheck\ContractServiceSanityCheck.csproj", "{B98C7702-95F9-4303-8223-E00D6C930C95}"
EndProject
Global
	GlobalSection(SolutionConfigurationPlatforms) = preSolution
		Debug|Any CPU = Debug|Any CPU
		Release|Any CPU = Release|Any CPU
	EndGlobalSection
	GlobalSection(ProjectConfigurationPlatforms) = postSolution
		{B98C7702-95F9-4303-8223-E00D6C930C95}.Debug|Any CPU.ActiveCfg = Debug|Any CPU
		{B98C7702-95F9-4303-8223-E00D6C930C95}.Debug|Any CPU.Build.0 = Debug|Any CPU
		{B98C7702-95F9-4303-8223-E00D6C930C95}.Release|Any CPU.ActiveCfg = Release|Any CPU
		{B98C7702-95F9-4303-8223-E00D6C930C95}.Release|Any CPU.Build.0 = Release|Any CPU
	EndGlobalSection
	GlobalSection(SolutionProperties) = preSolution
		HideSolutionNode = FALSE
	EndGlobalSection
	GlobalSection(ExtensibilityGlobals) = postSolution
		SolutionGuid = {20F23C1B-BBD5-431F-ACCB-26E86611A135}
	EndGlobalSection
EndGlobal
