
Microsoft Visual Studio Solution File, Format Version 12.00
# Visual Studio Version 17
VisualStudioVersion = 17.13.35806.99 d17.13
MinimumVisualStudioVersion = 10.0.40219.1
Project("{FAE04EC0-301F-11D3-BF4B-00C04F79EFBC}") = "PersonApi", "PersonApi\PersonApi.csproj", "{9F36225A-B071-42A7-9EFC-8CA9922D505C}"
EndProject
Global
	GlobalSection(SolutionConfigurationPlatforms) = preSolution
		Debug|Any CPU = Debug|Any CPU
		Release|Any CPU = Release|Any CPU
	EndGlobalSection
	GlobalSection(ProjectConfigurationPlatforms) = postSolution
		{9F36225A-B071-42A7-9EFC-8CA9922D505C}.Debug|Any CPU.ActiveCfg = Debug|Any CPU
		{9F36225A-B071-42A7-9EFC-8CA9922D505C}.Debug|Any CPU.Build.0 = Debug|Any CPU
		{9F36225A-B071-42A7-9EFC-8CA9922D505C}.Release|Any CPU.ActiveCfg = Release|Any CPU
		{9F36225A-B071-42A7-9EFC-8CA9922D505C}.Release|Any CPU.Build.0 = Release|Any CPU
	EndGlobalSection
	GlobalSection(SolutionProperties) = preSolution
		HideSolutionNode = FALSE
	EndGlobalSection
	GlobalSection(ExtensibilityGlobals) = postSolution
		SolutionGuid = {1F5A9BBB-4B62-40C6-8E0B-426B7320C2B0}
	EndGlobalSection
EndGlobal
